
Microsoft Visual Studio Solution File, Format Version 12.00
# Visual Studio Version 17
VisualStudioVersion = 17.7.34221.43
MinimumVisualStudioVersion = 10.0.40219.1
Project("{FAE04EC0-301F-11D3-BF4B-00C04F79EFBC}") = "psk_1", "psk_1.csproj", "{CDCD0A12-7133-4AA4-89C6-C75E12E0D2C3}"
EndProject
Global
	GlobalSection(SolutionConfigurationPlatforms) = preSolution
		Debug|Any CPU = Debug|Any CPU
		Release|Any CPU = Release|Any CPU
	EndGlobalSection
	GlobalSection(ProjectConfigurationPlatforms) = postSolution
		{CDCD0A12-7133-4AA4-89C6-C75E12E0D2C3}.Debug|Any CPU.ActiveCfg = Debug|Any CPU
		{CDCD0A12-7133-4AA4-89C6-C75E12E0D2C3}.Debug|Any CPU.Build.0 = Debug|Any CPU
		{CDCD0A12-7133-4AA4-89C6-C75E12E0D2C3}.Release|Any CPU.ActiveCfg = Release|Any CPU
		{CDCD0A12-7133-4AA4-89C6-C75E12E0D2C3}.Release|Any CPU.Build.0 = Release|Any CPU
	EndGlobalSection
	GlobalSection(SolutionProperties) = preSolution
		HideSolutionNode = FALSE
	EndGlobalSection
	GlobalSection(ExtensibilityGlobals) = postSolution
		SolutionGuid = {509052C2-AAD5-4357-AFB2-8CF72E7594A2}
	EndGlobalSection
EndGlobal
